// !$*UTF8*$!
{
	archiveVersion = 1;
	classes = {
	};
	objectVersion = 55;
	objects = {

/* Begin PBXBuildFile section */
		0F175BD028FDE2DD00051F24 /* AppDelegate.swift in Sources */ = {isa = PBXBuildFile; fileRef = 0F175BCF28FDE2DD00051F24 /* AppDelegate.swift */; };
		0F175BD228FDE2DD00051F24 /* SceneDelegate.swift in Sources */ = {isa = PBXBuildFile; fileRef = 0F175BD128FDE2DD00051F24 /* SceneDelegate.swift */; };
		0F175BD428FDE2DD00051F24 /* HomeViewController.swift in Sources */ = {isa = PBXBuildFile; fileRef = 0F175BD328FDE2DD00051F24 /* HomeViewController.swift */; };
		0F175BD928FDE2DE00051F24 /* Assets.xcassets in Resources */ = {isa = PBXBuildFile; fileRef = 0F175BD828FDE2DE00051F24 /* Assets.xcassets */; };
		0F175BE428FDE62500051F24 /* OnboardingViewController.swift in Sources */ = {isa = PBXBuildFile; fileRef = 0F175BE328FDE62500051F24 /* OnboardingViewController.swift */; };
		0F175BE628FDE64800051F24 /* OpeningViewController.swift in Sources */ = {isa = PBXBuildFile; fileRef = 0F175BE528FDE64800051F24 /* OpeningViewController.swift */; };
		0F175BE928FDED4900051F24 /* OnboardingSlide.swift in Sources */ = {isa = PBXBuildFile; fileRef = 0F175BE828FDED4900051F24 /* OnboardingSlide.swift */; };
		0F175BEC28FDEDDF00051F24 /* OnboardingCollectionViewCell.swift in Sources */ = {isa = PBXBuildFile; fileRef = 0F175BEB28FDEDDF00051F24 /* OnboardingCollectionViewCell.swift */; };
		0F2F8FC929017DD2000D4D06 /* DishListTableViewCell.swift in Sources */ = {isa = PBXBuildFile; fileRef = 0F2F8FC829017DD2000D4D06 /* DishListTableViewCell.swift */; };
		0F2F8FCB29017F92000D4D06 /* DishListViewController.swift in Sources */ = {isa = PBXBuildFile; fileRef = 0F2F8FCA29017F92000D4D06 /* DishListViewController.swift */; };
		0F2F8FCE290198A4000D4D06 /* DishListViewModel.swift in Sources */ = {isa = PBXBuildFile; fileRef = 0F2F8FCD290198A4000D4D06 /* DishListViewModel.swift */; };
		0F609DE228FF147500E08BB5 /* DishPortraitCollectionViewCell.swift in Sources */ = {isa = PBXBuildFile; fileRef = 0F609DE128FF147500E08BB5 /* DishPortraitCollectionViewCell.swift */; };
		0F609DE428FF231800E08BB5 /* Dish.swift in Sources */ = {isa = PBXBuildFile; fileRef = 0F609DE328FF231800E08BB5 /* Dish.swift */; };
		0F9D034B290045BD00BB3BB0 /* LandscapePortraitCollectionViewTableViewCell.swift in Sources */ = {isa = PBXBuildFile; fileRef = 0F9D034A290045BD00BB3BB0 /* LandscapePortraitCollectionViewTableViewCell.swift */; };
		0F9D034D290045C800BB3BB0 /* LandscapePortraitCollectionViewCell.swift in Sources */ = {isa = PBXBuildFile; fileRef = 0F9D034C290045C800BB3BB0 /* LandscapePortraitCollectionViewCell.swift */; };
		0F9D035129006F5A00BB3BB0 /* FullDetailViewController.swift in Sources */ = {isa = PBXBuildFile; fileRef = 0F9D035029006F5A00BB3BB0 /* FullDetailViewController.swift */; };
		0F9D035429008DB900BB3BB0 /* FullDetailViewModel.swift in Sources */ = {isa = PBXBuildFile; fileRef = 0F9D035329008DB900BB3BB0 /* FullDetailViewModel.swift */; };
		0F9D035629008F0700BB3BB0 /* String+.swift in Sources */ = {isa = PBXBuildFile; fileRef = 0F9D035529008F0700BB3BB0 /* String+.swift */; };
		0F9FAB0228FEF41A00394FBB /* Category.swift in Sources */ = {isa = PBXBuildFile; fileRef = 0F9FAB0128FEF41A00394FBB /* Category.swift */; };
		0F9FAB0428FEF44C00394FBB /* CategoryCollectionViewCell.swift in Sources */ = {isa = PBXBuildFile; fileRef = 0F9FAB0328FEF44C00394FBB /* CategoryCollectionViewCell.swift */; };
		0F9FAB0728FEF7EB00394FBB /* String+Extension.swift in Sources */ = {isa = PBXBuildFile; fileRef = 0F9FAB0628FEF7EB00394FBB /* String+Extension.swift */; };
		0F9FAB0A28FEFA8500394FBB /* CategoryCollectionViewTableViewCell.swift in Sources */ = {isa = PBXBuildFile; fileRef = 0F9FAB0928FEFA8500394FBB /* CategoryCollectionViewTableViewCell.swift */; };
		0F9FAB0C28FF04FE00394FBB /* DishPortraitCollectionViewTableViewCell.swift in Sources */ = {isa = PBXBuildFile; fileRef = 0F9FAB0B28FF04FE00394FBB /* DishPortraitCollectionViewTableViewCell.swift */; };
		0F9FAB0F28FF06EF00394FBB /* UIView+.swift in Sources */ = {isa = PBXBuildFile; fileRef = 0F9FAB0E28FF06EF00394FBB /* UIView+.swift */; };
		D47A9CC09AA727E325E81A41 /* Pods_Yummie.framework in Frameworks */ = {isa = PBXBuildFile; fileRef = C6466CD099A6895FE1F973BE /* Pods_Yummie.framework */; };
/* End PBXBuildFile section */

/* Begin PBXFileReference section */
		0F175BCC28FDE2DD00051F24 /* Yummie.app */ = {isa = PBXFileReference; explicitFileType = wrapper.application; includeInIndex = 0; path = Yummie.app; sourceTree = BUILT_PRODUCTS_DIR; };
		0F175BCF28FDE2DD00051F24 /* AppDelegate.swift */ = {isa = PBXFileReference; lastKnownFileType = sourcecode.swift; path = AppDelegate.swift; sourceTree = "<group>"; };
		0F175BD128FDE2DD00051F24 /* SceneDelegate.swift */ = {isa = PBXFileReference; lastKnownFileType = sourcecode.swift; path = SceneDelegate.swift; sourceTree = "<group>"; };
		0F175BD328FDE2DD00051F24 /* HomeViewController.swift */ = {isa = PBXFileReference; lastKnownFileType = sourcecode.swift; path = HomeViewController.swift; sourceTree = "<group>"; };
		0F175BD828FDE2DE00051F24 /* Assets.xcassets */ = {isa = PBXFileReference; lastKnownFileType = folder.assetcatalog; path = Assets.xcassets; sourceTree = "<group>"; };
		0F175BDD28FDE2DE00051F24 /* Info.plist */ = {isa = PBXFileReference; lastKnownFileType = text.plist.xml; path = Info.plist; sourceTree = "<group>"; };
		0F175BE328FDE62500051F24 /* OnboardingViewController.swift */ = {isa = PBXFileReference; lastKnownFileType = sourcecode.swift; path = OnboardingViewController.swift; sourceTree = "<group>"; };
		0F175BE528FDE64800051F24 /* OpeningViewController.swift */ = {isa = PBXFileReference; lastKnownFileType = sourcecode.swift; path = OpeningViewController.swift; sourceTree = "<group>"; };
		0F175BE828FDED4900051F24 /* OnboardingSlide.swift */ = {isa = PBXFileReference; lastKnownFileType = sourcecode.swift; path = OnboardingSlide.swift; sourceTree = "<group>"; };
		0F175BEB28FDEDDF00051F24 /* OnboardingCollectionViewCell.swift */ = {isa = PBXFileReference; lastKnownFileType = sourcecode.swift; path = OnboardingCollectionViewCell.swift; sourceTree = "<group>"; };
		0F2F8FC829017DD2000D4D06 /* DishListTableViewCell.swift */ = {isa = PBXFileReference; lastKnownFileType = sourcecode.swift; path = DishListTableViewCell.swift; sourceTree = "<group>"; };
		0F2F8FCA29017F92000D4D06 /* DishListViewController.swift */ = {isa = PBXFileReference; lastKnownFileType = sourcecode.swift; path = DishListViewController.swift; sourceTree = "<group>"; };
		0F2F8FCD290198A4000D4D06 /* DishListViewModel.swift */ = {isa = PBXFileReference; lastKnownFileType = sourcecode.swift; path = DishListViewModel.swift; sourceTree = "<group>"; };
		0F609DE128FF147500E08BB5 /* DishPortraitCollectionViewCell.swift */ = {isa = PBXFileReference; lastKnownFileType = sourcecode.swift; path = DishPortraitCollectionViewCell.swift; sourceTree = "<group>"; };
		0F609DE328FF231800E08BB5 /* Dish.swift */ = {isa = PBXFileReference; lastKnownFileType = sourcecode.swift; path = Dish.swift; sourceTree = "<group>"; };
		0F9D034A290045BD00BB3BB0 /* LandscapePortraitCollectionViewTableViewCell.swift */ = {isa = PBXFileReference; lastKnownFileType = sourcecode.swift; path = LandscapePortraitCollectionViewTableViewCell.swift; sourceTree = "<group>"; };
		0F9D034C290045C800BB3BB0 /* LandscapePortraitCollectionViewCell.swift */ = {isa = PBXFileReference; lastKnownFileType = sourcecode.swift; path = LandscapePortraitCollectionViewCell.swift; sourceTree = "<group>"; };
		0F9D035029006F5A00BB3BB0 /* FullDetailViewController.swift */ = {isa = PBXFileReference; lastKnownFileType = sourcecode.swift; path = FullDetailViewController.swift; sourceTree = "<group>"; };
		0F9D035329008DB900BB3BB0 /* FullDetailViewModel.swift */ = {isa = PBXFileReference; lastKnownFileType = sourcecode.swift; path = FullDetailViewModel.swift; sourceTree = "<group>"; };
		0F9D035529008F0700BB3BB0 /* String+.swift */ = {isa = PBXFileReference; lastKnownFileType = sourcecode.swift; path = "String+.swift"; sourceTree = "<group>"; };
		0F9FAB0128FEF41A00394FBB /* Category.swift */ = {isa = PBXFileReference; lastKnownFileType = sourcecode.swift; path = Category.swift; sourceTree = "<group>"; };
		0F9FAB0328FEF44C00394FBB /* CategoryCollectionViewCell.swift */ = {isa = PBXFileReference; lastKnownFileType = sourcecode.swift; path = CategoryCollectionViewCell.swift; sourceTree = "<group>"; };
		0F9FAB0628FEF7EB00394FBB /* String+Extension.swift */ = {isa = PBXFileReference; lastKnownFileType = sourcecode.swift; path = "String+Extension.swift"; sourceTree = "<group>"; };
		0F9FAB0928FEFA8500394FBB /* CategoryCollectionViewTableViewCell.swift */ = {isa = PBXFileReference; lastKnownFileType = sourcecode.swift; path = CategoryCollectionViewTableViewCell.swift; sourceTree = "<group>"; };
		0F9FAB0B28FF04FE00394FBB /* DishPortraitCollectionViewTableViewCell.swift */ = {isa = PBXFileReference; lastKnownFileType = sourcecode.swift; path = DishPortraitCollectionViewTableViewCell.swift; sourceTree = "<group>"; };
		0F9FAB0E28FF06EF00394FBB /* UIView+.swift */ = {isa = PBXFileReference; lastKnownFileType = sourcecode.swift; path = "UIView+.swift"; sourceTree = "<group>"; };
		44D2D7E44C46D08A5330C58F /* Pods-Yummie.release.xcconfig */ = {isa = PBXFileReference; includeInIndex = 1; lastKnownFileType = text.xcconfig; name = "Pods-Yummie.release.xcconfig"; path = "Target Support Files/Pods-Yummie/Pods-Yummie.release.xcconfig"; sourceTree = "<group>"; };
		BFA4DF2B3EA7E4A8A130BC75 /* Pods-Yummie.debug.xcconfig */ = {isa = PBXFileReference; includeInIndex = 1; lastKnownFileType = text.xcconfig; name = "Pods-Yummie.debug.xcconfig"; path = "Target Support Files/Pods-Yummie/Pods-Yummie.debug.xcconfig"; sourceTree = "<group>"; };
		C6466CD099A6895FE1F973BE /* Pods_Yummie.framework */ = {isa = PBXFileReference; explicitFileType = wrapper.framework; includeInIndex = 0; path = Pods_Yummie.framework; sourceTree = BUILT_PRODUCTS_DIR; };
/* End PBXFileReference section */

/* Begin PBXFrameworksBuildPhase section */
		0F175BC928FDE2DD00051F24 /* Frameworks */ = {
			isa = PBXFrameworksBuildPhase;
			buildActionMask = 2147483647;
			files = (
				D47A9CC09AA727E325E81A41 /* Pods_Yummie.framework in Frameworks */,
			);
			runOnlyForDeploymentPostprocessing = 0;
		};
/* End PBXFrameworksBuildPhase section */

/* Begin PBXGroup section */
		0B4B062E97A546819D719B90 /* Pods */ = {
			isa = PBXGroup;
			children = (
				BFA4DF2B3EA7E4A8A130BC75 /* Pods-Yummie.debug.xcconfig */,
				44D2D7E44C46D08A5330C58F /* Pods-Yummie.release.xcconfig */,
			);
			path = Pods;
			sourceTree = "<group>";
		};
		0F175BC328FDE2DD00051F24 = {
			isa = PBXGroup;
			children = (
				0F175BCE28FDE2DD00051F24 /* Yummie */,
				0F175BCD28FDE2DD00051F24 /* Products */,
				0B4B062E97A546819D719B90 /* Pods */,
				4098F0D63A221DC22264CD98 /* Frameworks */,
			);
			sourceTree = "<group>";
		};
		0F175BCD28FDE2DD00051F24 /* Products */ = {
			isa = PBXGroup;
			children = (
				0F175BCC28FDE2DD00051F24 /* Yummie.app */,
			);
			name = Products;
			sourceTree = "<group>";
		};
		0F175BCE28FDE2DD00051F24 /* Yummie */ = {
			isa = PBXGroup;
			children = (
				0F175BD128FDE2DD00051F24 /* SceneDelegate.swift */,
				0F175BCF28FDE2DD00051F24 /* AppDelegate.swift */,
				0F9FAB0528FEF7D900394FBB /* Extensions */,
				0F175BE728FDED3A00051F24 /* Models */,
				0F469D8B28FEE042000216F4 /* Views */,
				0F175BDD28FDE2DE00051F24 /* Info.plist */,
				0F175BD828FDE2DE00051F24 /* Assets.xcassets */,
			);
			path = Yummie;
			sourceTree = "<group>";
		};
		0F175BE728FDED3A00051F24 /* Models */ = {
			isa = PBXGroup;
			children = (
				0F175BE828FDED4900051F24 /* OnboardingSlide.swift */,
				0F9FAB0128FEF41A00394FBB /* Category.swift */,
				0F609DE328FF231800E08BB5 /* Dish.swift */,
			);
			path = Models;
			sourceTree = "<group>";
		};
		0F175BEA28FDEDBA00051F24 /* Onboarding */ = {
			isa = PBXGroup;
			children = (
				0F175BE328FDE62500051F24 /* OnboardingViewController.swift */,
				0F175BEB28FDEDDF00051F24 /* OnboardingCollectionViewCell.swift */,
			);
			path = Onboarding;
			sourceTree = "<group>";
		};
		0F2F8FC729017DBC000D4D06 /* DishList */ = {
			isa = PBXGroup;
			children = (
				0F2F8FCA29017F92000D4D06 /* DishListViewController.swift */,
				0F2F8FC829017DD2000D4D06 /* DishListTableViewCell.swift */,
				0F2F8FCD290198A4000D4D06 /* DishListViewModel.swift */,
			);
			path = DishList;
			sourceTree = "<group>";
		};
		0F2F8FCC2901984A000D4D06 /* New Group */ = {
			isa = PBXGroup;
			children = (
			);
			path = "New Group";
			sourceTree = "<group>";
		};
		0F469D8B28FEE042000216F4 /* Views */ = {
			isa = PBXGroup;
			children = (
				0F2F8FCC2901984A000D4D06 /* New Group */,
				0F9FAB0D28FF06E100394FBB /* CardView */,
				0F469D8D28FEE059000216F4 /* Opening */,
				0F175BEA28FDEDBA00051F24 /* Onboarding */,
				0F469D8C28FEE04A000216F4 /* Home */,
				0F9D035229008D7700BB3BB0 /* FullDetail */,
				0F2F8FC729017DBC000D4D06 /* DishList */,
			);
			path = Views;
			sourceTree = "<group>";
		};
		0F469D8C28FEE04A000216F4 /* Home */ = {
			isa = PBXGroup;
			children = (
				0F175BD328FDE2DD00051F24 /* HomeViewController.swift */,
				0F9FAB0828FEFA6B00394FBB /* CategoryCollectionView */,
				0F9FAB1128FF0EE100394FBB /* DishPortraitCollectionView */,
				0F9D03492900459500BB3BB0 /* LandscapeCollectionView */,
			);
			path = Home;
			sourceTree = "<group>";
		};
		0F469D8D28FEE059000216F4 /* Opening */ = {
			isa = PBXGroup;
			children = (
				0F175BE528FDE64800051F24 /* OpeningViewController.swift */,
			);
			path = Opening;
			sourceTree = "<group>";
		};
		0F9D03492900459500BB3BB0 /* LandscapeCollectionView */ = {
			isa = PBXGroup;
			children = (
				0F9D034A290045BD00BB3BB0 /* LandscapePortraitCollectionViewTableViewCell.swift */,
				0F9D034C290045C800BB3BB0 /* LandscapePortraitCollectionViewCell.swift */,
			);
			path = LandscapeCollectionView;
			sourceTree = "<group>";
		};
		0F9D035229008D7700BB3BB0 /* FullDetail */ = {
			isa = PBXGroup;
			children = (
				0F9D035029006F5A00BB3BB0 /* FullDetailViewController.swift */,
				0F9D035329008DB900BB3BB0 /* FullDetailViewModel.swift */,
			);
			path = FullDetail;
			sourceTree = "<group>";
		};
		0F9FAB0528FEF7D900394FBB /* Extensions */ = {
			isa = PBXGroup;
			children = (
				0F9FAB0628FEF7EB00394FBB /* String+Extension.swift */,
				0F9D035529008F0700BB3BB0 /* String+.swift */,
				0F9FAB0E28FF06EF00394FBB /* UIView+.swift */,
			);
			path = Extensions;
			sourceTree = "<group>";
		};
		0F9FAB0828FEFA6B00394FBB /* CategoryCollectionView */ = {
			isa = PBXGroup;
			children = (
				0F9FAB0928FEFA8500394FBB /* CategoryCollectionViewTableViewCell.swift */,
				0F9FAB0328FEF44C00394FBB /* CategoryCollectionViewCell.swift */,
			);
			path = CategoryCollectionView;
			sourceTree = "<group>";
		};
		0F9FAB0D28FF06E100394FBB /* CardView */ = {
			isa = PBXGroup;
			children = (
			);
			path = CardView;
			sourceTree = "<group>";
		};
		0F9FAB1128FF0EE100394FBB /* DishPortraitCollectionView */ = {
			isa = PBXGroup;
			children = (
				0F9FAB0B28FF04FE00394FBB /* DishPortraitCollectionViewTableViewCell.swift */,
				0F609DE128FF147500E08BB5 /* DishPortraitCollectionViewCell.swift */,
			);
			path = DishPortraitCollectionView;
			sourceTree = "<group>";
		};
		4098F0D63A221DC22264CD98 /* Frameworks */ = {
			isa = PBXGroup;
			children = (
				C6466CD099A6895FE1F973BE /* Pods_Yummie.framework */,
			);
			name = Frameworks;
			sourceTree = "<group>";
		};
/* End PBXGroup section */

/* Begin PBXNativeTarget section */
		0F175BCB28FDE2DD00051F24 /* Yummie */ = {
			isa = PBXNativeTarget;
			buildConfigurationList = 0F175BE028FDE2DE00051F24 /* Build configuration list for PBXNativeTarget "Yummie" */;
			buildPhases = (
				A1B95043E36EC83016850459 /* [CP] Check Pods Manifest.lock */,
				0F175BC828FDE2DD00051F24 /* Sources */,
				0F175BC928FDE2DD00051F24 /* Frameworks */,
				0F175BCA28FDE2DD00051F24 /* Resources */,
				D8731E5376E31EF3B785E6A2 /* [CP] Embed Pods Frameworks */,
			);
			buildRules = (
			);
			dependencies = (
			);
			name = Yummie;
			productName = Yummie;
			productReference = 0F175BCC28FDE2DD00051F24 /* Yummie.app */;
			productType = "com.apple.product-type.application";
		};
/* End PBXNativeTarget section */

/* Begin PBXProject section */
		0F175BC428FDE2DD00051F24 /* Project object */ = {
			isa = PBXProject;
			attributes = {
				BuildIndependentTargetsInParallel = 1;
				LastSwiftUpdateCheck = 1340;
				LastUpgradeCheck = 1340;
				TargetAttributes = {
					0F175BCB28FDE2DD00051F24 = {
						CreatedOnToolsVersion = 13.4.1;
					};
				};
			};
			buildConfigurationList = 0F175BC728FDE2DD00051F24 /* Build configuration list for PBXProject "Yummie" */;
			compatibilityVersion = "Xcode 13.0";
			developmentRegion = en;
			hasScannedForEncodings = 0;
			knownRegions = (
				en,
				Base,
			);
			mainGroup = 0F175BC328FDE2DD00051F24;
			productRefGroup = 0F175BCD28FDE2DD00051F24 /* Products */;
			projectDirPath = "";
			projectRoot = "";
			targets = (
				0F175BCB28FDE2DD00051F24 /* Yummie */,
			);
		};
/* End PBXProject section */

/* Begin PBXResourcesBuildPhase section */
		0F175BCA28FDE2DD00051F24 /* Resources */ = {
			isa = PBXResourcesBuildPhase;
			buildActionMask = 2147483647;
			files = (
				0F175BD928FDE2DE00051F24 /* Assets.xcassets in Resources */,
			);
			runOnlyForDeploymentPostprocessing = 0;
		};
/* End PBXResourcesBuildPhase section */

/* Begin PBXShellScriptBuildPhase section */
		A1B95043E36EC83016850459 /* [CP] Check Pods Manifest.lock */ = {
			isa = PBXShellScriptBuildPhase;
			buildActionMask = 2147483647;
			files = (
			);
			inputFileListPaths = (
			);
			inputPaths = (
				"${PODS_PODFILE_DIR_PATH}/Podfile.lock",
				"${PODS_ROOT}/Manifest.lock",
			);
			name = "[CP] Check Pods Manifest.lock";
			outputFileListPaths = (
			);
			outputPaths = (
				"$(DERIVED_FILE_DIR)/Pods-Yummie-checkManifestLockResult.txt",
			);
			runOnlyForDeploymentPostprocessing = 0;
			shellPath = /bin/sh;
			shellScript = "diff \"${PODS_PODFILE_DIR_PATH}/Podfile.lock\" \"${PODS_ROOT}/Manifest.lock\" > /dev/null\nif [ $? != 0 ] ; then\n    # print error to STDERR\n    echo \"error: The sandbox is not in sync with the Podfile.lock. Run 'pod install' or update your CocoaPods installation.\" >&2\n    exit 1\nfi\n# This output is used by Xcode 'outputs' to avoid re-running this script phase.\necho \"SUCCESS\" > \"${SCRIPT_OUTPUT_FILE_0}\"\n";
			showEnvVarsInLog = 0;
		};
		D8731E5376E31EF3B785E6A2 /* [CP] Embed Pods Frameworks */ = {
			isa = PBXShellScriptBuildPhase;
			buildActionMask = 2147483647;
			files = (
			);
			inputFileListPaths = (
				"${PODS_ROOT}/Target Support Files/Pods-Yummie/Pods-Yummie-frameworks-${CONFIGURATION}-input-files.xcfilelist",
			);
			name = "[CP] Embed Pods Frameworks";
			outputFileListPaths = (
				"${PODS_ROOT}/Target Support Files/Pods-Yummie/Pods-Yummie-frameworks-${CONFIGURATION}-output-files.xcfilelist",
			);
			runOnlyForDeploymentPostprocessing = 0;
			shellPath = /bin/sh;
			shellScript = "\"${PODS_ROOT}/Target Support Files/Pods-Yummie/Pods-Yummie-frameworks.sh\"\n";
			showEnvVarsInLog = 0;
		};
/* End PBXShellScriptBuildPhase section */

/* Begin PBXSourcesBuildPhase section */
		0F175BC828FDE2DD00051F24 /* Sources */ = {
			isa = PBXSourcesBuildPhase;
			buildActionMask = 2147483647;
			files = (
				0F9D035129006F5A00BB3BB0 /* FullDetailViewController.swift in Sources */,
				0F9FAB0428FEF44C00394FBB /* CategoryCollectionViewCell.swift in Sources */,
				0F2F8FC929017DD2000D4D06 /* DishListTableViewCell.swift in Sources */,
				0F2F8FCE290198A4000D4D06 /* DishListViewModel.swift in Sources */,
				0F9D035429008DB900BB3BB0 /* FullDetailViewModel.swift in Sources */,
				0F9FAB0728FEF7EB00394FBB /* String+Extension.swift in Sources */,
				0F175BD428FDE2DD00051F24 /* HomeViewController.swift in Sources */,
				0F175BE628FDE64800051F24 /* OpeningViewController.swift in Sources */,
				0F175BD028FDE2DD00051F24 /* AppDelegate.swift in Sources */,
				0F9FAB0C28FF04FE00394FBB /* DishPortraitCollectionViewTableViewCell.swift in Sources */,
				0F609DE428FF231800E08BB5 /* Dish.swift in Sources */,
				0F175BD228FDE2DD00051F24 /* SceneDelegate.swift in Sources */,
				0F609DE228FF147500E08BB5 /* DishPortraitCollectionViewCell.swift in Sources */,
				0F9FAB0F28FF06EF00394FBB /* UIView+.swift in Sources */,
				0F175BE928FDED4900051F24 /* OnboardingSlide.swift in Sources */,
				0F175BEC28FDEDDF00051F24 /* OnboardingCollectionViewCell.swift in Sources */,
				0F9FAB0228FEF41A00394FBB /* Category.swift in Sources */,
				0F9FAB0A28FEFA8500394FBB /* CategoryCollectionViewTableViewCell.swift in Sources */,
				0F9D034D290045C800BB3BB0 /* LandscapePortraitCollectionViewCell.swift in Sources */,
				0F2F8FCB29017F92000D4D06 /* DishListViewController.swift in Sources */,
				0F175BE428FDE62500051F24 /* OnboardingViewController.swift in Sources */,
				0F9D035629008F0700BB3BB0 /* String+.swift in Sources */,
				0F9D034B290045BD00BB3BB0 /* LandscapePortraitCollectionViewTableViewCell.swift in Sources */,
			);
			runOnlyForDeploymentPostprocessing = 0;
		};
/* End PBXSourcesBuildPhase section */

/* Begin XCBuildConfiguration section */
		0F175BDE28FDE2DE00051F24 /* Debug */ = {
			isa = XCBuildConfiguration;
			buildSettings = {
				ALWAYS_SEARCH_USER_PATHS = NO;
				CLANG_ANALYZER_NONNULL = YES;
				CLANG_ANALYZER_NUMBER_OBJECT_CONVERSION = YES_AGGRESSIVE;
				CLANG_CXX_LANGUAGE_STANDARD = "gnu++17";
				CLANG_ENABLE_MODULES = YES;
				CLANG_ENABLE_OBJC_ARC = YES;
				CLANG_ENABLE_OBJC_WEAK = YES;
				CLANG_WARN_BLOCK_CAPTURE_AUTORELEASING = YES;
				CLANG_WARN_BOOL_CONVERSION = YES;
				CLANG_WARN_COMMA = YES;
				CLANG_WARN_CONSTANT_CONVERSION = YES;
				CLANG_WARN_DEPRECATED_OBJC_IMPLEMENTATIONS = YES;
				CLANG_WARN_DIRECT_OBJC_ISA_USAGE = YES_ERROR;
				CLANG_WARN_DOCUMENTATION_COMMENTS = YES;
				CLANG_WARN_EMPTY_BODY = YES;
				CLANG_WARN_ENUM_CONVERSION = YES;
				CLANG_WARN_INFINITE_RECURSION = YES;
				CLANG_WARN_INT_CONVERSION = YES;
				CLANG_WARN_NON_LITERAL_NULL_CONVERSION = YES;
				CLANG_WARN_OBJC_IMPLICIT_RETAIN_SELF = YES;
				CLANG_WARN_OBJC_LITERAL_CONVERSION = YES;
				CLANG_WARN_OBJC_ROOT_CLASS = YES_ERROR;
				CLANG_WARN_QUOTED_INCLUDE_IN_FRAMEWORK_HEADER = YES;
				CLANG_WARN_RANGE_LOOP_ANALYSIS = YES;
				CLANG_WARN_STRICT_PROTOTYPES = YES;
				CLANG_WARN_SUSPICIOUS_MOVE = YES;
				CLANG_WARN_UNGUARDED_AVAILABILITY = YES_AGGRESSIVE;
				CLANG_WARN_UNREACHABLE_CODE = YES;
				CLANG_WARN__DUPLICATE_METHOD_MATCH = YES;
				COPY_PHASE_STRIP = NO;
				DEBUG_INFORMATION_FORMAT = dwarf;
				ENABLE_STRICT_OBJC_MSGSEND = YES;
				ENABLE_TESTABILITY = YES;
				GCC_C_LANGUAGE_STANDARD = gnu11;
				GCC_DYNAMIC_NO_PIC = NO;
				GCC_NO_COMMON_BLOCKS = YES;
				GCC_OPTIMIZATION_LEVEL = 0;
				GCC_PREPROCESSOR_DEFINITIONS = (
					"DEBUG=1",
					"$(inherited)",
				);
				GCC_WARN_64_TO_32_BIT_CONVERSION = YES;
				GCC_WARN_ABOUT_RETURN_TYPE = YES_ERROR;
				GCC_WARN_UNDECLARED_SELECTOR = YES;
				GCC_WARN_UNINITIALIZED_AUTOS = YES_AGGRESSIVE;
				GCC_WARN_UNUSED_FUNCTION = YES;
				GCC_WARN_UNUSED_VARIABLE = YES;
				IPHONEOS_DEPLOYMENT_TARGET = 15.5;
				MTL_ENABLE_DEBUG_INFO = INCLUDE_SOURCE;
				MTL_FAST_MATH = YES;
				ONLY_ACTIVE_ARCH = YES;
				SDKROOT = iphoneos;
				SWIFT_ACTIVE_COMPILATION_CONDITIONS = DEBUG;
				SWIFT_OPTIMIZATION_LEVEL = "-Onone";
			};
			name = Debug;
		};
		0F175BDF28FDE2DE00051F24 /* Release */ = {
			isa = XCBuildConfiguration;
			buildSettings = {
				ALWAYS_SEARCH_USER_PATHS = NO;
				CLANG_ANALYZER_NONNULL = YES;
				CLANG_ANALYZER_NUMBER_OBJECT_CONVERSION = YES_AGGRESSIVE;
				CLANG_CXX_LANGUAGE_STANDARD = "gnu++17";
				CLANG_ENABLE_MODULES = YES;
				CLANG_ENABLE_OBJC_ARC = YES;
				CLANG_ENABLE_OBJC_WEAK = YES;
				CLANG_WARN_BLOCK_CAPTURE_AUTORELEASING = YES;
				CLANG_WARN_BOOL_CONVERSION = YES;
				CLANG_WARN_COMMA = YES;
				CLANG_WARN_CONSTANT_CONVERSION = YES;
				CLANG_WARN_DEPRECATED_OBJC_IMPLEMENTATIONS = YES;
				CLANG_WARN_DIRECT_OBJC_ISA_USAGE = YES_ERROR;
				CLANG_WARN_DOCUMENTATION_COMMENTS = YES;
				CLANG_WARN_EMPTY_BODY = YES;
				CLANG_WARN_ENUM_CONVERSION = YES;
				CLANG_WARN_INFINITE_RECURSION = YES;
				CLANG_WARN_INT_CONVERSION = YES;
				CLANG_WARN_NON_LITERAL_NULL_CONVERSION = YES;
				CLANG_WARN_OBJC_IMPLICIT_RETAIN_SELF = YES;
				CLANG_WARN_OBJC_LITERAL_CONVERSION = YES;
				CLANG_WARN_OBJC_ROOT_CLASS = YES_ERROR;
				CLANG_WARN_QUOTED_INCLUDE_IN_FRAMEWORK_HEADER = YES;
				CLANG_WARN_RANGE_LOOP_ANALYSIS = YES;
				CLANG_WARN_STRICT_PROTOTYPES = YES;
				CLANG_WARN_SUSPICIOUS_MOVE = YES;
				CLANG_WARN_UNGUARDED_AVAILABILITY = YES_AGGRESSIVE;
				CLANG_WARN_UNREACHABLE_CODE = YES;
				CLANG_WARN__DUPLICATE_METHOD_MATCH = YES;
				COPY_PHASE_STRIP = NO;
				DEBUG_INFORMATION_FORMAT = "dwarf-with-dsym";
				ENABLE_NS_ASSERTIONS = NO;
				ENABLE_STRICT_OBJC_MSGSEND = YES;
				GCC_C_LANGUAGE_STANDARD = gnu11;
				GCC_NO_COMMON_BLOCKS = YES;
				GCC_WARN_64_TO_32_BIT_CONVERSION = YES;
				GCC_WARN_ABOUT_RETURN_TYPE = YES_ERROR;
				GCC_WARN_UNDECLARED_SELECTOR = YES;
				GCC_WARN_UNINITIALIZED_AUTOS = YES_AGGRESSIVE;
				GCC_WARN_UNUSED_FUNCTION = YES;
				GCC_WARN_UNUSED_VARIABLE = YES;
				IPHONEOS_DEPLOYMENT_TARGET = 15.5;
				MTL_ENABLE_DEBUG_INFO = NO;
				MTL_FAST_MATH = YES;
				SDKROOT = iphoneos;
				SWIFT_COMPILATION_MODE = wholemodule;
				SWIFT_OPTIMIZATION_LEVEL = "-O";
				VALIDATE_PRODUCT = YES;
			};
			name = Release;
		};
		0F175BE128FDE2DE00051F24 /* Debug */ = {
			isa = XCBuildConfiguration;
			baseConfigurationReference = BFA4DF2B3EA7E4A8A130BC75 /* Pods-Yummie.debug.xcconfig */;
			buildSettings = {
				ASSETCATALOG_COMPILER_APPICON_NAME = AppIcon;
				ASSETCATALOG_COMPILER_GLOBAL_ACCENT_COLOR_NAME = AccentColor;
				CODE_SIGN_STYLE = Automatic;
				CURRENT_PROJECT_VERSION = 1;
				DEVELOPMENT_TEAM = WX6Q94XHF5;
				GENERATE_INFOPLIST_FILE = YES;
				INFOPLIST_FILE = Yummie/Info.plist;
				INFOPLIST_KEY_UIApplicationSupportsIndirectInputEvents = YES;
				INFOPLIST_KEY_UILaunchStoryboardName = LaunchScreen;
				INFOPLIST_KEY_UISupportedInterfaceOrientations_iPad = "UIInterfaceOrientationPortrait UIInterfaceOrientationPortraitUpsideDown UIInterfaceOrientationLandscapeLeft UIInterfaceOrientationLandscapeRight";
				INFOPLIST_KEY_UISupportedInterfaceOrientations_iPhone = "UIInterfaceOrientationPortrait UIInterfaceOrientationLandscapeLeft UIInterfaceOrientationLandscapeRight";
				LD_RUNPATH_SEARCH_PATHS = (
					"$(inherited)",
					"@executable_path/Frameworks",
				);
				MARKETING_VERSION = 1.0;
				PRODUCT_BUNDLE_IDENTIFIER = com.yummie.jeancesca.Yummie;
				PRODUCT_NAME = "$(TARGET_NAME)";
				SWIFT_EMIT_LOC_STRINGS = YES;
				SWIFT_VERSION = 5.0;
				TARGETED_DEVICE_FAMILY = "1,2";
			};
			name = Debug;
		};
		0F175BE228FDE2DE00051F24 /* Release */ = {
			isa = XCBuildConfiguration;
			baseConfigurationReference = 44D2D7E44C46D08A5330C58F /* Pods-Yummie.release.xcconfig */;
			buildSettings = {
				ASSETCATALOG_COMPILER_APPICON_NAME = AppIcon;
				ASSETCATALOG_COMPILER_GLOBAL_ACCENT_COLOR_NAME = AccentColor;
				CODE_SIGN_STYLE = Automatic;
				CURRENT_PROJECT_VERSION = 1;
				DEVELOPMENT_TEAM = WX6Q94XHF5;
				GENERATE_INFOPLIST_FILE = YES;
				INFOPLIST_FILE = Yummie/Info.plist;
				INFOPLIST_KEY_UIApplicationSupportsIndirectInputEvents = YES;
				INFOPLIST_KEY_UILaunchStoryboardName = LaunchScreen;
				INFOPLIST_KEY_UISupportedInterfaceOrientations_iPad = "UIInterfaceOrientationPortrait UIInterfaceOrientationPortraitUpsideDown UIInterfaceOrientationLandscapeLeft UIInterfaceOrientationLandscapeRight";
				INFOPLIST_KEY_UISupportedInterfaceOrientations_iPhone = "UIInterfaceOrientationPortrait UIInterfaceOrientationLandscapeLeft UIInterfaceOrientationLandscapeRight";
				LD_RUNPATH_SEARCH_PATHS = (
					"$(inherited)",
					"@executable_path/Frameworks",
				);
				MARKETING_VERSION = 1.0;
				PRODUCT_BUNDLE_IDENTIFIER = com.yummie.jeancesca.Yummie;
				PRODUCT_NAME = "$(TARGET_NAME)";
				SWIFT_EMIT_LOC_STRINGS = YES;
				SWIFT_VERSION = 5.0;
				TARGETED_DEVICE_FAMILY = "1,2";
			};
			name = Release;
		};
/* End XCBuildConfiguration section */

/* Begin XCConfigurationList section */
		0F175BC728FDE2DD00051F24 /* Build configuration list for PBXProject "Yummie" */ = {
			isa = XCConfigurationList;
			buildConfigurations = (
				0F175BDE28FDE2DE00051F24 /* Debug */,
				0F175BDF28FDE2DE00051F24 /* Release */,
			);
			defaultConfigurationIsVisible = 0;
			defaultConfigurationName = Release;
		};
		0F175BE028FDE2DE00051F24 /* Build configuration list for PBXNativeTarget "Yummie" */ = {
			isa = XCConfigurationList;
			buildConfigurations = (
				0F175BE128FDE2DE00051F24 /* Debug */,
				0F175BE228FDE2DE00051F24 /* Release */,
			);
			defaultConfigurationIsVisible = 0;
			defaultConfigurationName = Release;
		};
/* End XCConfigurationList section */
	};
	rootObject = 0F175BC428FDE2DD00051F24 /* Project object */;
}
